{
    "requires": true,
    "lockfileVersion": 1,
    "dependencies": {
        "@vue/devtools-api": {
            "version": "6.2.0",
            "resolved": "https://registry.npmjs.org/@vue/devtools-api/-/devtools-api-6.2.0.tgz",
            "integrity": "sha512-pF1G4wky+hkifDiZSWn8xfuLOJI1ZXtuambpBEYaf7Xaf6zC/pM29rvAGpd3qaGXnr4BAXU1Pxz/VfvBGwexGA=="
        },
        "vue-router": {
            "version": "4.1.1",
            "resolved": "https://registry.npmjs.org/vue-router/-/vue-router-4.1.1.tgz",
            "integrity": "sha512-Wp1mEf2xCwT0ez7o9JvgpfBp9JGnVb+dPERzXDbugTatzJAJ60VWOhJKifQty85k+jOreoFHER4r5fu062PhPw==",
            "requires": {
                "@vue/devtools-api": "^6.1.4"
            }
        }
    }
}
